// !$*UTF8*$!
{
	archiveVersion = 1;
	classes = {
	};
	objectVersion = 48;
	objects = {

/* Begin PBXBuildFile section */
		EF4AA2391F50E4E30069759F /* AppDelegate.swift in Sources */ = {isa = PBXBuildFile; fileRef = EF4AA2381F50E4E30069759F /* AppDelegate.swift */; };
		EF4AA23B1F50E4E30069759F /* ViewController.swift in Sources */ = {isa = PBXBuildFile; fileRef = EF4AA23A1F50E4E30069759F /* ViewController.swift */; };
		EF4AA23E1F50E4E30069759F /* Main.storyboard in Resources */ = {isa = PBXBuildFile; fileRef = EF4AA23C1F50E4E30069759F /* Main.storyboard */; };
		EF4AA2401F50E4E30069759F /* Assets.xcassets in Resources */ = {isa = PBXBuildFile; fileRef = EF4AA23F1F50E4E30069759F /* Assets.xcassets */; };
		EF4AA2431F50E4E30069759F /* LaunchScreen.storyboard in Resources */ = {isa = PBXBuildFile; fileRef = EF4AA2411F50E4E30069759F /* LaunchScreen.storyboard */; };
/* End PBXBuildFile section */

/* Begin PBXFileReference section */
		EF4AA2351F50E4E30069759F /* NGTwitterDemo.app */ = {isa = PBXFileReference; explicitFileType = wrapper.application; includeInIndex = 0; path = NGTwitterDemo.app; sourceTree = BUILT_PRODUCTS_DIR; };
		EF4AA2381F50E4E30069759F /* AppDelegate.swift */ = {isa = PBXFileReference; lastKnownFileType = sourcecode.swift; path = AppDelegate.swift; sourceTree = "<group>"; };
		EF4AA23A1F50E4E30069759F /* ViewController.swift */ = {isa = PBXFileReference; lastKnownFileType = sourcecode.swift; path = ViewController.swift; sourceTree = "<group>"; };
		EF4AA23D1F50E4E30069759F /* Base */ = {isa = PBXFileReference; lastKnownFileType = file.storyboard; name = Base; path = Base.lproj/Main.storyboard; sourceTree = "<group>"; };
		EF4AA23F1F50E4E30069759F /* Assets.xcassets */ = {isa = PBXFileReference; lastKnownFileType = folder.assetcatalog; path = Assets.xcassets; sourceTree = "<group>"; };
		EF4AA2421F50E4E30069759F /* Base */ = {isa = PBXFileReference; lastKnownFileType = file.storyboard; name = Base; path = Base.lproj/LaunchScreen.storyboard; sourceTree = "<group>"; };
		EF4AA2441F50E4E30069759F /* Info.plist */ = {isa = PBXFileReference; lastKnownFileType = text.plist.xml; path = Info.plist; sourceTree = "<group>"; };
/* End PBXFileReference section */

/* Begin PBXFrameworksBuildPhase section */
		EF4AA2321F50E4E30069759F /* Frameworks */ = {
			isa = PBXFrameworksBuildPhase;
			buildActionMask = 2147483647;
			files = (
			);
			runOnlyForDeploymentPostprocessing = 0;
		};
/* End PBXFrameworksBuildPhase section */

/* Begin PBXGroup section */
		EF4AA22C1F50E4E30069759F = {
			isa = PBXGroup;
			children = (
				EF4AA2371F50E4E30069759F /* NGTwitterDemo */,
				EF4AA2361F50E4E30069759F /* Products */,
			);
			sourceTree = "<group>";
		};
		EF4AA2361F50E4E30069759F /* Products */ = {
			isa = PBXGroup;
			children = (
				EF4AA2351F50E4E30069759F /* NGTwitterDemo.app */,
			);
			name = Products;
			sourceTree = "<group>";
		};
		EF4AA2371F50E4E30069759F /* NGTwitterDemo */ = {
			isa = PBXGroup;
			children = (
				EF4AA2381F50E4E30069759F /* AppDelegate.swift */,
				EF4AA23A1F50E4E30069759F /* ViewController.swift */,
				EF4AA23C1F50E4E30069759F /* Main.storyboard */,
				EF4AA23F1F50E4E30069759F /* Assets.xcassets */,
				EF4AA2411F50E4E30069759F /* LaunchScreen.storyboard */,
				EF4AA2441F50E4E30069759F /* Info.plist */,
			);
			path = NGTwitterDemo;
			sourceTree = "<group>";
		};
/* End PBXGroup section */

/* Begin PBXNativeTarget section */
		EF4AA2341F50E4E30069759F /* NGTwitterDemo */ = {
			isa = PBXNativeTarget;
			buildConfigurationList = EF4AA2471F50E4E30069759F /* Build configuration list for PBXNativeTarget "NGTwitterDemo" */;
			buildPhases = (
				EF4AA2311F50E4E30069759F /* Sources */,
				EF4AA2321F50E4E30069759F /* Frameworks */,
				EF4AA2331F50E4E30069759F /* Resources */,
			);
			buildRules = (
			);
			dependencies = (
			);
			name = NGTwitterDemo;
			productName = NGTwitterDemo;
			productReference = EF4AA2351F50E4E30069759F /* NGTwitterDemo.app */;
			productType = "com.apple.product-type.application";
		};
/* End PBXNativeTarget section */

/* Begin PBXProject section */
		EF4AA22D1F50E4E30069759F /* Project object */ = {
			isa = PBXProject;
			attributes = {
				LastSwiftUpdateCheck = 0900;
				LastUpgradeCheck = 0900;
				ORGANIZATIONNAME = CraftGuys;
				TargetAttributes = {
					EF4AA2341F50E4E30069759F = {
						CreatedOnToolsVersion = 9.0;
						ProvisioningStyle = Automatic;
					};
				};
			};
			buildConfigurationList = EF4AA2301F50E4E30069759F /* Build configuration list for PBXProject "NGTwitterDemo" */;
			compatibilityVersion = "Xcode 8.0";
			developmentRegion = en;
			hasScannedForEncodings = 0;
			knownRegions = (
				en,
				Base,
			);
			mainGroup = EF4AA22C1F50E4E30069759F;
			productRefGroup = EF4AA2361F50E4E30069759F /* Products */;
			projectDirPath = "";
			projectRoot = "";
			targets = (
				EF4AA2341F50E4E30069759F /* NGTwitterDemo */,
			);
		};
/* End PBXProject section */

/* Begin PBXResourcesBuildPhase section */
		EF4AA2331F50E4E30069759F /* Resources */ = {
			isa = PBXResourcesBuildPhase;
			buildActionMask = 2147483647;
			files = (
				EF4AA2431F50E4E30069759F /* LaunchScreen.storyboard in Resources */,
				EF4AA2401F50E4E30069759F /* Assets.xcassets in Resources */,
				EF4AA23E1F50E4E30069759F /* Main.storyboard in Resources */,
			);
			runOnlyForDeploymentPostprocessing = 0;
		};
/* End PBXResourcesBuildPhase section */

/* Begin PBXSourcesBuildPhase section */
		EF4AA2311F50E4E30069759F /* Sources */ = {
			isa = PBXSourcesBuildPhase;
			buildActionMask = 2147483647;
			files = (
				EF4AA23B1F50E4E30069759F /* ViewController.swift in Sources */,
				EF4AA2391F50E4E30069759F /* AppDelegate.swift in Sources */,
			);
			runOnlyForDeploymentPostprocessing = 0;
		};
/* End PBXSourcesBuildPhase section */

/* Begin PBXVariantGroup section */
		EF4AA23C1F50E4E30069759F /* Main.storyboard */ = {
			isa = PBXVariantGroup;
			children = (
				EF4AA23D1F50E4E30069759F /* Base */,
			);
			name = Main.storyboard;
			sourceTree = "<group>";
		};
		EF4AA2411F50E4E30069759F /* LaunchScreen.storyboard */ = {
			isa = PBXVariantGroup;
			children = (
				EF4AA2421F50E4E30069759F /* Base */,
			);
			name = LaunchScreen.storyboard;
			sourceTree = "<group>";
		};
/* End PBXVariantGroup section */

/* Begin XCBuildConfiguration section */
		EF4AA2451F50E4E30069759F /* Debug */ = {
			isa = XCBuildConfiguration;
			buildSettings = {
				ALWAYS_SEARCH_USER_PATHS = NO;
				CLANG_ANALYZER_NONNULL = YES;
				CLANG_ANALYZER_NUMBER_OBJECT_CONVERSION = YES_AGGRESSIVE;
				CLANG_CXX_LANGUAGE_STANDARD = "gnu++14";
				CLANG_CXX_LIBRARY = "libc++";
				CLANG_ENABLE_MODULES = YES;
				CLANG_ENABLE_OBJC_ARC = YES;
				CLANG_WARN_BLOCK_CAPTURE_AUTORELEASING = YES;
				CLANG_WARN_BOOL_CONVERSION = YES;
				CLANG_WARN_COMMA = YES;
				CLANG_WARN_CONSTANT_CONVERSION = YES;
				CLANG_WARN_DIRECT_OBJC_ISA_USAGE = YES_ERROR;
				CLANG_WARN_DOCUMENTATION_COMMENTS = YES;
				CLANG_WARN_EMPTY_BODY = YES;
				CLANG_WARN_ENUM_CONVERSION = YES;
				CLANG_WARN_INFINITE_RECURSION = YES;
				CLANG_WARN_INT_CONVERSION = YES;
				CLANG_WARN_NON_LITERAL_NULL_CONVERSION = YES;
				CLANG_WARN_OBJC_LITERAL_CONVERSION = YES;
				CLANG_WARN_OBJC_ROOT_CLASS = YES_ERROR;
				CLANG_WARN_RANGE_LOOP_ANALYSIS = YES;
				CLANG_WARN_STRICT_PROTOTYPES = YES;
				CLANG_WARN_SUSPICIOUS_MOVE = YES;
				CLANG_WARN_UNGUARDED_AVAILABILITY = YES_AGGRESSIVE;
				CLANG_WARN_UNREACHABLE_CODE = YES;
				CLANG_WARN__DUPLICATE_METHOD_MATCH = YES;
				CODE_SIGN_IDENTITY = "iPhone Developer";
				COPY_PHASE_STRIP = NO;
				DEBUG_INFORMATION_FORMAT = dwarf;
				ENABLE_STRICT_OBJC_MSGSEND = YES;
				ENABLE_TESTABILITY = YES;
				GCC_C_LANGUAGE_STANDARD = gnu11;
				GCC_DYNAMIC_NO_PIC = NO;
				GCC_NO_COMMON_BLOCKS = YES;
				GCC_OPTIMIZATION_LEVEL = 0;
				GCC_PREPROCESSOR_DEFINITIONS = (
					"DEBUG=1",
					"$(inherited)",
				);
				GCC_WARN_64_TO_32_BIT_CONVERSION = YES;
				GCC_WARN_ABOUT_RETURN_TYPE = YES_ERROR;
				GCC_WARN_UNDECLARED_SELECTOR = YES;
				GCC_WARN_UNINITIALIZED_AUTOS = YES_AGGRESSIVE;
				GCC_WARN_UNUSED_FUNCTION = YES;
				GCC_WARN_UNUSED_VARIABLE = YES;
				IPHONEOS_DEPLOYMENT_TARGET = 11.0;
				MTL_ENABLE_DEBUG_INFO = YES;
				ONLY_ACTIVE_ARCH = YES;
				SDKROOT = iphoneos;
				SWIFT_ACTIVE_COMPILATION_CONDITIONS = DEBUG;
				SWIFT_OPTIMIZATION_LEVEL = "-Onone";
			};
			name = Debug;
		};
		EF4AA2461F50E4E30069759F /* Release */ = {
			isa = XCBuildConfiguration;
			buildSettings = {
				ALWAYS_SEARCH_USER_PATHS = NO;
				CLANG_ANALYZER_NONNULL = YES;
				CLANG_ANALYZER_NUMBER_OBJECT_CONVERSION = YES_AGGRESSIVE;
				CLANG_CXX_LANGUAGE_STANDARD = "gnu++14";
				CLANG_CXX_LIBRARY = "libc++";
				CLANG_ENABLE_MODULES = YES;
				CLANG_ENABLE_OBJC_ARC = YES;
				CLANG_WARN_BLOCK_CAPTURE_AUTORELEASING = YES;
				CLANG_WARN_BOOL_CONVERSION = YES;
				CLANG_WARN_COMMA = YES;
				CLANG_WARN_CONSTANT_CONVERSION = YES;
				CLANG_WARN_DIRECT_OBJC_ISA_USAGE = YES_ERROR;
				CLANG_WARN_DOCUMENTATION_COMMENTS = YES;
				CLANG_WARN_EMPTY_BODY = YES;
				CLANG_WARN_ENUM_CONVERSION = YES;
				CLANG_WARN_INFINITE_RECURSION = YES;
				CLANG_WARN_INT_CONVERSION = YES;
				CLANG_WARN_NON_LITERAL_NULL_CONVERSION = YES;
				CLANG_WARN_OBJC_LITERAL_CONVERSION = YES;
				CLANG_WARN_OBJC_ROOT_CLASS = YES_ERROR;
				CLANG_WARN_RANGE_LOOP_ANALYSIS = YES;
				CLANG_WARN_STRICT_PROTOTYPES = YES;
				CLANG_WARN_SUSPICIOUS_MOVE = YES;
				CLANG_WARN_UNGUARDED_AVAILABILITY = YES_AGGRESSIVE;
				CLANG_WARN_UNREACHABLE_CODE = YES;
				CLANG_WARN__DUPLICATE_METHOD_MATCH = YES;
				CODE_SIGN_IDENTITY = "iPhone Developer";
				COPY_PHASE_STRIP = NO;
				DEBUG_INFORMATION_FORMAT = "dwarf-with-dsym";
				ENABLE_NS_ASSERTIONS = NO;
				ENABLE_STRICT_OBJC_MSGSEND = YES;
				GCC_C_LANGUAGE_STANDARD = gnu11;
				GCC_NO_COMMON_BLOCKS = YES;
				GCC_WARN_64_TO_32_BIT_CONVERSION = YES;
				GCC_WARN_ABOUT_RETURN_TYPE = YES_ERROR;
				GCC_WARN_UNDECLARED_SELECTOR = YES;
				GCC_WARN_UNINITIALIZED_AUTOS = YES_AGGRESSIVE;
				GCC_WARN_UNUSED_FUNCTION = YES;
				GCC_WARN_UNUSED_VARIABLE = YES;
				IPHONEOS_DEPLOYMENT_TARGET = 11.0;
				MTL_ENABLE_DEBUG_INFO = NO;
				SDKROOT = iphoneos;
				SWIFT_OPTIMIZATION_LEVEL = "-Owholemodule";
				VALIDATE_PRODUCT = YES;
			};
			name = Release;
		};
		EF4AA2481F50E4E30069759F /* Debug */ = {
			isa = XCBuildConfiguration;
			buildSettings = {
				ASSETCATALOG_COMPILER_APPICON_NAME = AppIcon;
				CODE_SIGN_STYLE = Automatic;
				DEVELOPMENT_TEAM = Z4Q83QXW57;
				INFOPLIST_FILE = NGTwitterDemo/Info.plist;
				LD_RUNPATH_SEARCH_PATHS = "$(inherited) @executable_path/Frameworks";
				PRODUCT_BUNDLE_IDENTIFIER = io.craftguys.NGTwitterDemo;
				PRODUCT_NAME = "$(TARGET_NAME)";
				SWIFT_VERSION = 4.0;
				TARGETED_DEVICE_FAMILY = "1,2";
			};
			name = Debug;
		};
		EF4AA2491F50E4E30069759F /* Release */ = {
			isa = XCBuildConfiguration;
			buildSettings = {
				ASSETCATALOG_COMPILER_APPICON_NAME = AppIcon;
				CODE_SIGN_STYLE = Automatic;
				DEVELOPMENT_TEAM = Z4Q83QXW57;
				INFOPLIST_FILE = NGTwitterDemo/Info.plist;
				LD_RUNPATH_SEARCH_PATHS = "$(inherited) @executable_path/Frameworks";
				PRODUCT_BUNDLE_IDENTIFIER = io.craftguys.NGTwitterDemo;
				PRODUCT_NAME = "$(TARGET_NAME)";
				SWIFT_VERSION = 4.0;
				TARGETED_DEVICE_FAMILY = "1,2";
			};
			name = Release;
		};
/* End XCBuildConfiguration section */

/* Begin XCConfigurationList section */
		EF4AA2301F50E4E30069759F /* Build configuration list for PBXProject "NGTwitterDemo" */ = {
			isa = XCConfigurationList;
			buildConfigurations = (
				EF4AA2451F50E4E30069759F /* Debug */,
				EF4AA2461F50E4E30069759F /* Release */,
			);
			defaultConfigurationIsVisible = 0;
			defaultConfigurationName = Release;
		};
		EF4AA2471F50E4E30069759F /* Build configuration list for PBXNativeTarget "NGTwitterDemo" */ = {
			isa = XCConfigurationList;
			buildConfigurations = (
				EF4AA2481F50E4E30069759F /* Debug */,
				EF4AA2491F50E4E30069759F /* Release */,
			);
			defaultConfigurationIsVisible = 0;
			defaultConfigurationName = Release;
		};
/* End XCConfigurationList section */
	};
	rootObject = EF4AA22D1F50E4E30069759F /* Project object */;
}
